{
    "name": "@ridetracker/routeclient",
    "version": "0.9.51",
    "lockfileVersion": 3,
    "requires": true,
    "packages": {
        "": {
            "name": "@ridetracker/routeclient",
            "version": "0.9.51",
            "license": "UNLICENSED",
            "dependencies": {
                "@ridetracker/authclient": "^0.9.3"
            },
            "devDependencies": {
                "typescript": "^5.0.4"
            }
        },
        "node_modules/@ridetracker/authclient": {
            "version": "0.9.3",
            "resolved": "https://npm.pkg.github.com/download/@ridetracker/authclient/0.9.3/dc103baadc2b65660777fc612f586e8e35288513",
            "integrity": "sha512-b1dB+qwDJKQLC/j5rkl2tnnHwSLa+tuw4ueWAuVsOkd2vrCtJkrM4w7KmHeidTBLnaLmet1P50Jq2cdQLVn2ow=="
        },
        "node_modules/typescript": {
            "version": "5.1.6",
            "resolved": "https://registry.npmjs.org/typescript/-/typescript-5.1.6.tgz",
            "integrity": "sha512-zaWCozRZ6DLEWAWFrVDz1H6FVXzUSfTy5FUMWsQlU8Ym5JP9eO4xkTIROFCQvhQf61z6O/G6ugw3SgAnvvm+HA==",
            "dev": true,
            "bin": {
                "tsc": "bin/tsc",
                "tsserver": "bin/tsserver"
            },
            "engines": {
                "node": ">=14.17"
            }
        }
    }
}
